
Microsoft Visual Studio Solution File, Format Version 12.00
# Visual Studio Version 17
VisualStudioVersion = 17.8.34330.188
MinimumVisualStudioVersion = 10.0.40219.1
Project("{9A19103F-16F7-4668-BE54-9A1E7A4F7556}") = "WinFormsApp1", "WinFormsApp1.csproj", "{F6933E61-E3F0-404B-BE70-D359FEB1662D}"
EndProject
Project("{9A19103F-16F7-4668-BE54-9A1E7A4F7556}") = "ConsoleApp1", "..\ConsoleApp1\ConsoleApp1.csproj", "{1584B15B-2C4F-4FFE-B875-00D1D331EDB3}"
EndProject
Project("{FAE04EC0-301F-11D3-BF4B-00C04F79EFBC}") = "WindowsFormsApp1", "..\WindowsFormsApp1\WindowsFormsApp1.csproj", "{C444C508-5F5A-43DD-80DF-3689715F5DCF}"
EndProject
Global
	GlobalSection(SolutionConfigurationPlatforms) = preSolution
		Debug_VS2010|Any CPU = Debug_VS2010|Any CPU
		Debug|Any CPU = Debug|Any CPU
		Release_VS2010|Any CPU = Release_VS2010|Any CPU
		Release|Any CPU = Release|Any CPU
	EndGlobalSection
	GlobalSection(ProjectConfigurationPlatforms) = postSolution
		{F6933E61-E3F0-404B-BE70-D359FEB1662D}.Debug_VS2010|Any CPU.ActiveCfg = Debug|Any CPU
		{F6933E61-E3F0-404B-BE70-D359FEB1662D}.Debug_VS2010|Any CPU.Build.0 = Debug|Any CPU
		{F6933E61-E3F0-404B-BE70-D359FEB1662D}.Debug|Any CPU.ActiveCfg = Debug|Any CPU
		{F6933E61-E3F0-404B-BE70-D359FEB1662D}.Debug|Any CPU.Build.0 = Debug|Any CPU
		{F6933E61-E3F0-404B-BE70-D359FEB1662D}.Release_VS2010|Any CPU.ActiveCfg = Release|Any CPU
		{F6933E61-E3F0-404B-BE70-D359FEB1662D}.Release_VS2010|Any CPU.Build.0 = Release|Any CPU
		{F6933E61-E3F0-404B-BE70-D359FEB1662D}.Release|Any CPU.ActiveCfg = Release|Any CPU
		{F6933E61-E3F0-404B-BE70-D359FEB1662D}.Release|Any CPU.Build.0 = Release|Any CPU
		{1584B15B-2C4F-4FFE-B875-00D1D331EDB3}.Debug_VS2010|Any CPU.ActiveCfg = Debug|Any CPU
		{1584B15B-2C4F-4FFE-B875-00D1D331EDB3}.Debug_VS2010|Any CPU.Build.0 = Debug|Any CPU
		{1584B15B-2C4F-4FFE-B875-00D1D331EDB3}.Debug|Any CPU.ActiveCfg = Debug|Any CPU
		{1584B15B-2C4F-4FFE-B875-00D1D331EDB3}.Debug|Any CPU.Build.0 = Debug|Any CPU
		{1584B15B-2C4F-4FFE-B875-00D1D331EDB3}.Release_VS2010|Any CPU.ActiveCfg = Release|Any CPU
		{1584B15B-2C4F-4FFE-B875-00D1D331EDB3}.Release_VS2010|Any CPU.Build.0 = Release|Any CPU
		{1584B15B-2C4F-4FFE-B875-00D1D331EDB3}.Release|Any CPU.ActiveCfg = Release|Any CPU
		{1584B15B-2C4F-4FFE-B875-00D1D331EDB3}.Release|Any CPU.Build.0 = Release|Any CPU
		{C444C508-5F5A-43DD-80DF-3689715F5DCF}.Debug_VS2010|Any CPU.ActiveCfg = Debug|Any CPU
		{C444C508-5F5A-43DD-80DF-3689715F5DCF}.Debug_VS2010|Any CPU.Build.0 = Debug|Any CPU
		{C444C508-5F5A-43DD-80DF-3689715F5DCF}.Debug|Any CPU.ActiveCfg = Debug|Any CPU
		{C444C508-5F5A-43DD-80DF-3689715F5DCF}.Debug|Any CPU.Build.0 = Debug|Any CPU
		{C444C508-5F5A-43DD-80DF-3689715F5DCF}.Release_VS2010|Any CPU.ActiveCfg = Release|Any CPU
		{C444C508-5F5A-43DD-80DF-3689715F5DCF}.Release_VS2010|Any CPU.Build.0 = Release|Any CPU
		{C444C508-5F5A-43DD-80DF-3689715F5DCF}.Release|Any CPU.ActiveCfg = Release|Any CPU
		{C444C508-5F5A-43DD-80DF-3689715F5DCF}.Release|Any CPU.Build.0 = Release|Any CPU
	EndGlobalSection
	GlobalSection(SolutionProperties) = preSolution
		HideSolutionNode = FALSE
	EndGlobalSection
	GlobalSection(ExtensibilityGlobals) = postSolution
		SolutionGuid = {3CD37542-7E7C-414F-8945-83A344611978}
	EndGlobalSection
EndGlobal
