
Microsoft Visual Studio Solution File, Format Version 12.00
# Visual Studio Version 17
VisualStudioVersion = 17.8.34330.188
MinimumVisualStudioVersion = 10.0.40219.1
Project("{FAE04EC0-301F-11D3-BF4B-00C04F79EFBC}") = "WindowsFormsApp1", "WindowsFormsApp1\WindowsFormsApp1.csproj", "{C444C508-5F5A-43DD-80DF-3689715F5DCF}"
EndProject
Project("{FAE04EC0-301F-11D3-BF4B-00C04F79EFBC}") = "ConsoleApp2", "ConsoleApp2\ConsoleApp2.csproj", "{E59E489F-3FDB-408F-A128-041A737A1CF3}"
EndProject
Project("{FAE04EC0-301F-11D3-BF4B-00C04F79EFBC}") = "WindowsFormsApp2", "WindowsFormsApp2\WindowsFormsApp2.csproj", "{35BF72B5-A1CB-4175-BC4C-F4745C1291EB}"
EndProject
Global
	GlobalSection(SolutionConfigurationPlatforms) = preSolution
		Debug_VS2010|Any CPU = Debug_VS2010|Any CPU
		Debug|Any CPU = Debug|Any CPU
		Release_VS2010|Any CPU = Release_VS2010|Any CPU
		Release|Any CPU = Release|Any CPU
	EndGlobalSection
	GlobalSection(ProjectConfigurationPlatforms) = postSolution
		{C444C508-5F5A-43DD-80DF-3689715F5DCF}.Debug_VS2010|Any CPU.ActiveCfg = Debug|Any CPU
		{C444C508-5F5A-43DD-80DF-3689715F5DCF}.Debug_VS2010|Any CPU.Build.0 = Debug|Any CPU
		{C444C508-5F5A-43DD-80DF-3689715F5DCF}.Debug|Any CPU.ActiveCfg = Debug|Any CPU
		{C444C508-5F5A-43DD-80DF-3689715F5DCF}.Debug|Any CPU.Build.0 = Debug|Any CPU
		{C444C508-5F5A-43DD-80DF-3689715F5DCF}.Release_VS2010|Any CPU.ActiveCfg = Release|Any CPU
		{C444C508-5F5A-43DD-80DF-3689715F5DCF}.Release_VS2010|Any CPU.Build.0 = Release|Any CPU
		{C444C508-5F5A-43DD-80DF-3689715F5DCF}.Release|Any CPU.ActiveCfg = Release|Any CPU
		{C444C508-5F5A-43DD-80DF-3689715F5DCF}.Release|Any CPU.Build.0 = Release|Any CPU
		{E59E489F-3FDB-408F-A128-041A737A1CF3}.Debug_VS2010|Any CPU.ActiveCfg = Debug|Any CPU
		{E59E489F-3FDB-408F-A128-041A737A1CF3}.Debug_VS2010|Any CPU.Build.0 = Debug|Any CPU
		{E59E489F-3FDB-408F-A128-041A737A1CF3}.Debug|Any CPU.ActiveCfg = Debug|Any CPU
		{E59E489F-3FDB-408F-A128-041A737A1CF3}.Debug|Any CPU.Build.0 = Debug|Any CPU
		{E59E489F-3FDB-408F-A128-041A737A1CF3}.Release_VS2010|Any CPU.ActiveCfg = Release|Any CPU
		{E59E489F-3FDB-408F-A128-041A737A1CF3}.Release_VS2010|Any CPU.Build.0 = Release|Any CPU
		{E59E489F-3FDB-408F-A128-041A737A1CF3}.Release|Any CPU.ActiveCfg = Release|Any CPU
		{E59E489F-3FDB-408F-A128-041A737A1CF3}.Release|Any CPU.Build.0 = Release|Any CPU
		{35BF72B5-A1CB-4175-BC4C-F4745C1291EB}.Debug_VS2010|Any CPU.ActiveCfg = Debug|Any CPU
		{35BF72B5-A1CB-4175-BC4C-F4745C1291EB}.Debug_VS2010|Any CPU.Build.0 = Debug|Any CPU
		{35BF72B5-A1CB-4175-BC4C-F4745C1291EB}.Debug|Any CPU.ActiveCfg = Debug|Any CPU
		{35BF72B5-A1CB-4175-BC4C-F4745C1291EB}.Debug|Any CPU.Build.0 = Debug|Any CPU
		{35BF72B5-A1CB-4175-BC4C-F4745C1291EB}.Release_VS2010|Any CPU.ActiveCfg = Release|Any CPU
		{35BF72B5-A1CB-4175-BC4C-F4745C1291EB}.Release_VS2010|Any CPU.Build.0 = Release|Any CPU
		{35BF72B5-A1CB-4175-BC4C-F4745C1291EB}.Release|Any CPU.ActiveCfg = Release|Any CPU
		{35BF72B5-A1CB-4175-BC4C-F4745C1291EB}.Release|Any CPU.Build.0 = Release|Any CPU
	EndGlobalSection
	GlobalSection(SolutionProperties) = preSolution
		HideSolutionNode = FALSE
	EndGlobalSection
	GlobalSection(ExtensibilityGlobals) = postSolution
		SolutionGuid = {3CD37542-7E7C-414F-8945-83A344611978}
	EndGlobalSection
EndGlobal
